{
  "name": "snow-goat-worker",
  "version": "1.0.0",
  "lockfileVersion": 3,
  "requires": true,
  "packages": {
    "": {
      "name": "snow-goat-worker",
      "version": "1.0.0",
      "license": "MIT",
      "dependencies": {
        "@cloudflare/kv-asset-handler": "^0.3.0"
      },
      "engines": {
        "node": ">=16.13.0"
      }
    },
    "node_modules/@cloudflare/kv-asset-handler": {
      "version": "0.3.4",
      "resolved": "https://artifact.devsnc.com/repository/npm-all/@cloudflare/kv-asset-handler/-/kv-asset-handler-0.3.4.tgz",
      "integrity": "sha512-YLPHc8yASwjNkmcDMQMY35yiWjoKAKnhUbPRszBRS0YgH+IXtsMp61j+yTcnCE3oO2DgP0U3iejLC8FTtKDC8Q==",
      "license": "MIT OR Apache-2.0",
      "dependencies": {
        "mime": "^3.0.0"
      },
      "engines": {
        "node": ">=16.13"
      }
    },
    "node_modules/mime": {
      "version": "3.0.0",
      "resolved": "https://artifact.devsnc.com/repository/npm-all/mime/-/mime-3.0.0.tgz",
      "integrity": "sha512-jSCU7/VB1loIWBZe14aEYHU/+1UMEHoaO7qxCOVJOw9GgH72VAWppxNcjU+x9a2k3GSIBXNKxXQFqRvvZ7vr3A==",
      "license": "MIT",
      "bin": {
        "mime": "cli.js"
      },
      "engines": {
        "node": ">=10.0.0"
      }
    }
  }
}
